
Microsoft Visual Studio Solution File, Format Version 12.00
# Visual Studio Version 16
VisualStudioVersion = 16.0.31624.102
MinimumVisualStudioVersion = 10.0.40219.1
Project("{FAE04EC0-301F-11D3-BF4B-00C04F79EFBC}") = "Shotgun 1.0", "Shotgun 1.0\Shotgun 1.0.csproj", "{AA3989DD-77F9-4A82-8A38-7647CACC48F8}"
EndProject
Global
	GlobalSection(SolutionConfigurationPlatforms) = preSolution
		Debug|Any CPU = Debug|Any CPU
		Release|Any CPU = Release|Any CPU
	EndGlobalSection
	GlobalSection(ProjectConfigurationPlatforms) = postSolution
		{AA3989DD-77F9-4A82-8A38-7647CACC48F8}.Debug|Any CPU.ActiveCfg = Debug|Any CPU
		{AA3989DD-77F9-4A82-8A38-7647CACC48F8}.Debug|Any CPU.Build.0 = Debug|Any CPU
		{AA3989DD-77F9-4A82-8A38-7647CACC48F8}.Release|Any CPU.ActiveCfg = Release|Any CPU
		{AA3989DD-77F9-4A82-8A38-7647CACC48F8}.Release|Any CPU.Build.0 = Release|Any CPU
	EndGlobalSection
	GlobalSection(SolutionProperties) = preSolution
		HideSolutionNode = FALSE
	EndGlobalSection
	GlobalSection(ExtensibilityGlobals) = postSolution
		SolutionGuid = {236DC54D-1713-4D01-AF02-07A91B2AB626}
	EndGlobalSection
EndGlobal
